
Microsoft Visual Studio Solution File, Format Version 12.00
# Visual Studio Version 17
VisualStudioVersion = 17.10.34928.147
MinimumVisualStudioVersion = 10.0.40219.1
Project("{FAE04EC0-301F-11D3-BF4B-00C04F79EFBC}") = "SAmuncipality POE", "SAmuncipality POE\SAmuncipality POE.csproj", "{E1BD526D-0B05-4700-816B-07100DA0B263}"
EndProject
Global
	GlobalSection(SolutionConfigurationPlatforms) = preSolution
		Debug|Any CPU = Debug|Any CPU
		Release|Any CPU = Release|Any CPU
	EndGlobalSection
	GlobalSection(ProjectConfigurationPlatforms) = postSolution
		{E1BD526D-0B05-4700-816B-07100DA0B263}.Debug|Any CPU.ActiveCfg = Debug|Any CPU
		{E1BD526D-0B05-4700-816B-07100DA0B263}.Debug|Any CPU.Build.0 = Debug|Any CPU
		{E1BD526D-0B05-4700-816B-07100DA0B263}.Release|Any CPU.ActiveCfg = Release|Any CPU
		{E1BD526D-0B05-4700-816B-07100DA0B263}.Release|Any CPU.Build.0 = Release|Any CPU
	EndGlobalSection
	GlobalSection(SolutionProperties) = preSolution
		HideSolutionNode = FALSE
	EndGlobalSection
	GlobalSection(ExtensibilityGlobals) = postSolution
		SolutionGuid = {1555B6FF-3C0C-4965-B18B-31633EEC20C4}
	EndGlobalSection
EndGlobal
